
Microsoft Visual Studio Solution File, Format Version 12.00
# Visual Studio Version 16
VisualStudioVersion = 16.0.33529.622
MinimumVisualStudioVersion = 10.0.40219.1
Project("{FAE04EC0-301F-11D3-BF4B-00C04F79EFBC}") = "WebApplication1", "WebApplication1\WebApplication1.csproj", "{D0E6F682-A470-452A-A144-E444E1B974D9}"
EndProject
Global
	GlobalSection(SolutionConfigurationPlatforms) = preSolution
		Debug|Any CPU = Debug|Any CPU
		Release|Any CPU = Release|Any CPU
	EndGlobalSection
	GlobalSection(ProjectConfigurationPlatforms) = postSolution
		{D0E6F682-A470-452A-A144-E444E1B974D9}.Debug|Any CPU.ActiveCfg = Debug|Any CPU
		{D0E6F682-A470-452A-A144-E444E1B974D9}.Debug|Any CPU.Build.0 = Debug|Any CPU
		{D0E6F682-A470-452A-A144-E444E1B974D9}.Release|Any CPU.ActiveCfg = Release|Any CPU
		{D0E6F682-A470-452A-A144-E444E1B974D9}.Release|Any CPU.Build.0 = Release|Any CPU
	EndGlobalSection
	GlobalSection(SolutionProperties) = preSolution
		HideSolutionNode = FALSE
	EndGlobalSection
	GlobalSection(ExtensibilityGlobals) = postSolution
		SolutionGuid = {269CA11F-E030-4AE4-9B8E-6B2DA627D5EE}
	EndGlobalSection
EndGlobal
